
Microsoft Visual Studio Solution File, Format Version 12.00
Project("{FAE04EC0-301F-11D3-BF4B-00C04F79EFBC}") = "ExerciseClassesAttr", "ExerciseClassesAttr\ExerciseClassesAttr.csproj", "{8D146C7B-270A-4881-9DDF-3AF3C1CAE0A4}"
EndProject
Global
	GlobalSection(SolutionConfigurationPlatforms) = preSolution
		Debug|Any CPU = Debug|Any CPU
		Release|Any CPU = Release|Any CPU
	EndGlobalSection
	GlobalSection(ProjectConfigurationPlatforms) = postSolution
		{8D146C7B-270A-4881-9DDF-3AF3C1CAE0A4}.Debug|Any CPU.ActiveCfg = Debug|Any CPU
		{8D146C7B-270A-4881-9DDF-3AF3C1CAE0A4}.Debug|Any CPU.Build.0 = Debug|Any CPU
		{8D146C7B-270A-4881-9DDF-3AF3C1CAE0A4}.Release|Any CPU.ActiveCfg = Release|Any CPU
		{8D146C7B-270A-4881-9DDF-3AF3C1CAE0A4}.Release|Any CPU.Build.0 = Release|Any CPU
	EndGlobalSection
EndGlobal
